
Microsoft Visual Studio Solution File, Format Version 12.00
# Visual Studio Version 17
VisualStudioVersion = 17.5.33530.505
MinimumVisualStudioVersion = 10.0.40219.1
Project("{FAE04EC0-301F-11D3-BF4B-00C04F79EFBC}") = "UtmBuilder.Core", "UtmBuilder.Core\UtmBuilder.Core.csproj", "{392FAD94-7AC4-43D7-9503-41802186E475}"
EndProject
Global
	GlobalSection(SolutionConfigurationPlatforms) = preSolution
		Debug|Any CPU = Debug|Any CPU
		Release|Any CPU = Release|Any CPU
	EndGlobalSection
	GlobalSection(ProjectConfigurationPlatforms) = postSolution
		{392FAD94-7AC4-43D7-9503-41802186E475}.Debug|Any CPU.ActiveCfg = Debug|Any CPU
		{392FAD94-7AC4-43D7-9503-41802186E475}.Debug|Any CPU.Build.0 = Debug|Any CPU
		{392FAD94-7AC4-43D7-9503-41802186E475}.Release|Any CPU.ActiveCfg = Release|Any CPU
		{392FAD94-7AC4-43D7-9503-41802186E475}.Release|Any CPU.Build.0 = Release|Any CPU
	EndGlobalSection
	GlobalSection(SolutionProperties) = preSolution
		HideSolutionNode = FALSE
	EndGlobalSection
	GlobalSection(ExtensibilityGlobals) = postSolution
		SolutionGuid = {839862B5-D1B2-4EDC-B7A7-6E9C84EBDBDF}
	EndGlobalSection
EndGlobal
